
Microsoft Visual Studio Solution File, Format Version 12.00
# Visual Studio Version 16
VisualStudioVersion = 16.0.28822.285
MinimumVisualStudioVersion = 10.0.40219.1
Project("{FAE04EC0-301F-11D3-BF4B-00C04F79EFBC}") = "Aga", "Aga.csproj", "{BC8A29AE-18F7-4D57-BDAF-57CEF9FA5E63}"
EndProject
Global
	GlobalSection(SolutionConfigurationPlatforms) = preSolution
		Debug|Any CPU = Debug|Any CPU
		Release|Any CPU = Release|Any CPU
	EndGlobalSection
	GlobalSection(ProjectConfigurationPlatforms) = postSolution
		{BC8A29AE-18F7-4D57-BDAF-57CEF9FA5E63}.Debug|Any CPU.ActiveCfg = Debug|Any CPU
		{BC8A29AE-18F7-4D57-BDAF-57CEF9FA5E63}.Debug|Any CPU.Build.0 = Debug|Any CPU
		{BC8A29AE-18F7-4D57-BDAF-57CEF9FA5E63}.Release|Any CPU.ActiveCfg = Release|Any CPU
		{BC8A29AE-18F7-4D57-BDAF-57CEF9FA5E63}.Release|Any CPU.Build.0 = Release|Any CPU
	EndGlobalSection
	GlobalSection(SolutionProperties) = preSolution
		HideSolutionNode = FALSE
	EndGlobalSection
	GlobalSection(ExtensibilityGlobals) = postSolution
		SolutionGuid = {426CB73D-35AF-4E32-A891-AE3835DC1F4F}
	EndGlobalSection
EndGlobal
